// !$*UTF8*$!
{
	archiveVersion = 1;
	classes = {
	};
	objectVersion = 51;
	objects = {

/* Begin PBXBuildFile section */
		AB8A0B8A26E6F1D565030349 /* Pods_RxSwiftDemo.framework in Frameworks */ = {isa = PBXBuildFile; fileRef = 679B347276729EE70F5E2624 /* Pods_RxSwiftDemo.framework */; };
		DC0EE9112370194C00FABF29 /* NumbersViewController.swift in Sources */ = {isa = PBXBuildFile; fileRef = DC0EE90F2370194C00FABF29 /* NumbersViewController.swift */; };
		DC0EE9122370194C00FABF29 /* NumbersViewController.xib in Resources */ = {isa = PBXBuildFile; fileRef = DC0EE9102370194C00FABF29 /* NumbersViewController.xib */; };
		DC1CB49A2356C53C0034E0F6 /* AppDelegate.swift in Sources */ = {isa = PBXBuildFile; fileRef = DC1CB4992356C53C0034E0F6 /* AppDelegate.swift */; };
		DC1CB49C2356C53C0034E0F6 /* SceneDelegate.swift in Sources */ = {isa = PBXBuildFile; fileRef = DC1CB49B2356C53C0034E0F6 /* SceneDelegate.swift */; };
		DC1CB49E2356C53C0034E0F6 /* ViewController.swift in Sources */ = {isa = PBXBuildFile; fileRef = DC1CB49D2356C53C0034E0F6 /* ViewController.swift */; };
		DC1CB4A12356C53C0034E0F6 /* Main.storyboard in Resources */ = {isa = PBXBuildFile; fileRef = DC1CB49F2356C53C0034E0F6 /* Main.storyboard */; };
		DC1CB4A32356C53D0034E0F6 /* Assets.xcassets in Resources */ = {isa = PBXBuildFile; fileRef = DC1CB4A22356C53D0034E0F6 /* Assets.xcassets */; };
		DC1CB4A62356C53D0034E0F6 /* LaunchScreen.storyboard in Resources */ = {isa = PBXBuildFile; fileRef = DC1CB4A42356C53D0034E0F6 /* LaunchScreen.storyboard */; };
		DC651C96237A9637002E99B7 /* ExampleViewController.swift in Sources */ = {isa = PBXBuildFile; fileRef = DC651C95237A9637002E99B7 /* ExampleViewController.swift */; };
		DC718020237BD58800EE82C1 /* ImagePickerViewController.swift in Sources */ = {isa = PBXBuildFile; fileRef = DC71801F237BD58800EE82C1 /* ImagePickerViewController.swift */; };
		DC7184E3237BF33E00EE82C1 /* SimpleTableViewController.swift in Sources */ = {isa = PBXBuildFile; fileRef = DC7184E2237BF33E00EE82C1 /* SimpleTableViewController.swift */; };
		DC7184E6237C09DB00EE82C1 /* SimpleTableSectionViewController.swift in Sources */ = {isa = PBXBuildFile; fileRef = DC7184E5237C09DB00EE82C1 /* SimpleTableSectionViewController.swift */; };
		DCEA17862356FAD7008A923B /* SimpleValidationViewController.swift in Sources */ = {isa = PBXBuildFile; fileRef = DCEA17852356FAD7008A923B /* SimpleValidationViewController.swift */; };
/* End PBXBuildFile section */

/* Begin PBXFileReference section */
		679B347276729EE70F5E2624 /* Pods_RxSwiftDemo.framework */ = {isa = PBXFileReference; explicitFileType = wrapper.framework; includeInIndex = 0; path = Pods_RxSwiftDemo.framework; sourceTree = BUILT_PRODUCTS_DIR; };
		77F1A95C89CF7965691008D6 /* Pods-RxSwiftDemo.release.xcconfig */ = {isa = PBXFileReference; includeInIndex = 1; lastKnownFileType = text.xcconfig; name = "Pods-RxSwiftDemo.release.xcconfig"; path = "Target Support Files/Pods-RxSwiftDemo/Pods-RxSwiftDemo.release.xcconfig"; sourceTree = "<group>"; };
		DC0EE90F2370194C00FABF29 /* NumbersViewController.swift */ = {isa = PBXFileReference; lastKnownFileType = sourcecode.swift; path = NumbersViewController.swift; sourceTree = "<group>"; };
		DC0EE9102370194C00FABF29 /* NumbersViewController.xib */ = {isa = PBXFileReference; lastKnownFileType = file.xib; path = NumbersViewController.xib; sourceTree = "<group>"; };
		DC1CB4962356C53C0034E0F6 /* RxSwiftDemo.app */ = {isa = PBXFileReference; explicitFileType = wrapper.application; includeInIndex = 0; path = RxSwiftDemo.app; sourceTree = BUILT_PRODUCTS_DIR; };
		DC1CB4992356C53C0034E0F6 /* AppDelegate.swift */ = {isa = PBXFileReference; lastKnownFileType = sourcecode.swift; path = AppDelegate.swift; sourceTree = "<group>"; };
		DC1CB49B2356C53C0034E0F6 /* SceneDelegate.swift */ = {isa = PBXFileReference; lastKnownFileType = sourcecode.swift; path = SceneDelegate.swift; sourceTree = "<group>"; };
		DC1CB49D2356C53C0034E0F6 /* ViewController.swift */ = {isa = PBXFileReference; lastKnownFileType = sourcecode.swift; path = ViewController.swift; sourceTree = "<group>"; };
		DC1CB4A02356C53C0034E0F6 /* Base */ = {isa = PBXFileReference; lastKnownFileType = file.storyboard; name = Base; path = Base.lproj/Main.storyboard; sourceTree = "<group>"; };
		DC1CB4A22356C53D0034E0F6 /* Assets.xcassets */ = {isa = PBXFileReference; lastKnownFileType = folder.assetcatalog; path = Assets.xcassets; sourceTree = "<group>"; };
		DC1CB4A52356C53D0034E0F6 /* Base */ = {isa = PBXFileReference; lastKnownFileType = file.storyboard; name = Base; path = Base.lproj/LaunchScreen.storyboard; sourceTree = "<group>"; };
		DC1CB4A72356C53D0034E0F6 /* Info.plist */ = {isa = PBXFileReference; lastKnownFileType = text.plist.xml; path = Info.plist; sourceTree = "<group>"; };
		DC651C95237A9637002E99B7 /* ExampleViewController.swift */ = {isa = PBXFileReference; lastKnownFileType = sourcecode.swift; path = ExampleViewController.swift; sourceTree = "<group>"; };
		DC71801F237BD58800EE82C1 /* ImagePickerViewController.swift */ = {isa = PBXFileReference; lastKnownFileType = sourcecode.swift; path = ImagePickerViewController.swift; sourceTree = "<group>"; };
		DC7184E2237BF33E00EE82C1 /* SimpleTableViewController.swift */ = {isa = PBXFileReference; lastKnownFileType = sourcecode.swift; path = SimpleTableViewController.swift; sourceTree = "<group>"; };
		DC7184E5237C09DB00EE82C1 /* SimpleTableSectionViewController.swift */ = {isa = PBXFileReference; lastKnownFileType = sourcecode.swift; path = SimpleTableSectionViewController.swift; sourceTree = "<group>"; };
		DCEA17852356FAD7008A923B /* SimpleValidationViewController.swift */ = {isa = PBXFileReference; lastKnownFileType = sourcecode.swift; path = SimpleValidationViewController.swift; sourceTree = "<group>"; };
		E0F1B44B6CF65C8B80A87CE4 /* Pods-RxSwiftDemo.debug.xcconfig */ = {isa = PBXFileReference; includeInIndex = 1; lastKnownFileType = text.xcconfig; name = "Pods-RxSwiftDemo.debug.xcconfig"; path = "Target Support Files/Pods-RxSwiftDemo/Pods-RxSwiftDemo.debug.xcconfig"; sourceTree = "<group>"; };
/* End PBXFileReference section */

/* Begin PBXFrameworksBuildPhase section */
		DC1CB4932356C53C0034E0F6 /* Frameworks */ = {
			isa = PBXFrameworksBuildPhase;
			buildActionMask = 2147483647;
			files = (
				AB8A0B8A26E6F1D565030349 /* Pods_RxSwiftDemo.framework in Frameworks */,
			);
			runOnlyForDeploymentPostprocessing = 0;
		};
/* End PBXFrameworksBuildPhase section */

/* Begin PBXGroup section */
		36A956B3795731D1EC6B1022 /* Frameworks */ = {
			isa = PBXGroup;
			children = (
				679B347276729EE70F5E2624 /* Pods_RxSwiftDemo.framework */,
			);
			name = Frameworks;
			sourceTree = "<group>";
		};
		8619C7CC8A78F15318023B88 /* Pods */ = {
			isa = PBXGroup;
			children = (
				E0F1B44B6CF65C8B80A87CE4 /* Pods-RxSwiftDemo.debug.xcconfig */,
				77F1A95C89CF7965691008D6 /* Pods-RxSwiftDemo.release.xcconfig */,
			);
			path = Pods;
			sourceTree = "<group>";
		};
		DC192A4123700BE9000FEB3C /* SimpleValidation */ = {
			isa = PBXGroup;
			children = (
				DCEA17852356FAD7008A923B /* SimpleValidationViewController.swift */,
			);
			path = SimpleValidation;
			sourceTree = "<group>";
		};
		DC192A4623700C2D000FEB3C /* Numbers */ = {
			isa = PBXGroup;
			children = (
				DC0EE90F2370194C00FABF29 /* NumbersViewController.swift */,
				DC0EE9102370194C00FABF29 /* NumbersViewController.xib */,
			);
			path = Numbers;
			sourceTree = "<group>";
		};
		DC1CB48D2356C53C0034E0F6 = {
			isa = PBXGroup;
			children = (
				DC1CB4982356C53C0034E0F6 /* RxSwiftDemo */,
				DC1CB4972356C53C0034E0F6 /* Products */,
				8619C7CC8A78F15318023B88 /* Pods */,
				36A956B3795731D1EC6B1022 /* Frameworks */,
			);
			sourceTree = "<group>";
		};
		DC1CB4972356C53C0034E0F6 /* Products */ = {
			isa = PBXGroup;
			children = (
				DC1CB4962356C53C0034E0F6 /* RxSwiftDemo.app */,
			);
			name = Products;
			sourceTree = "<group>";
		};
		DC1CB4982356C53C0034E0F6 /* RxSwiftDemo */ = {
			isa = PBXGroup;
			children = (
				DC1CB4992356C53C0034E0F6 /* AppDelegate.swift */,
				DC1CB49B2356C53C0034E0F6 /* SceneDelegate.swift */,
				DC1CB49D2356C53C0034E0F6 /* ViewController.swift */,
				DC651C94237A9615002E99B7 /* Example */,
				DC192A4623700C2D000FEB3C /* Numbers */,
				DC192A4123700BE9000FEB3C /* SimpleValidation */,
				DC71801E237BD55500EE82C1 /* ImagePicker */,
				DC7184E1237BF31300EE82C1 /* SimpleTabbleView */,
				DC7184E4237C099D00EE82C1 /* SimpleTableSectioned */,
				DC1CB49F2356C53C0034E0F6 /* Main.storyboard */,
				DC1CB4A22356C53D0034E0F6 /* Assets.xcassets */,
				DC1CB4A42356C53D0034E0F6 /* LaunchScreen.storyboard */,
				DC1CB4A72356C53D0034E0F6 /* Info.plist */,
			);
			path = RxSwiftDemo;
			sourceTree = "<group>";
		};
		DC651C94237A9615002E99B7 /* Example */ = {
			isa = PBXGroup;
			children = (
				DC651C95237A9637002E99B7 /* ExampleViewController.swift */,
			);
			path = Example;
			sourceTree = "<group>";
		};
		DC71801E237BD55500EE82C1 /* ImagePicker */ = {
			isa = PBXGroup;
			children = (
				DC71801F237BD58800EE82C1 /* ImagePickerViewController.swift */,
			);
			path = ImagePicker;
			sourceTree = "<group>";
		};
		DC7184E1237BF31300EE82C1 /* SimpleTabbleView */ = {
			isa = PBXGroup;
			children = (
				DC7184E2237BF33E00EE82C1 /* SimpleTableViewController.swift */,
			);
			path = SimpleTabbleView;
			sourceTree = "<group>";
		};
		DC7184E4237C099D00EE82C1 /* SimpleTableSectioned */ = {
			isa = PBXGroup;
			children = (
				DC7184E5237C09DB00EE82C1 /* SimpleTableSectionViewController.swift */,
			);
			path = SimpleTableSectioned;
			sourceTree = "<group>";
		};
/* End PBXGroup section */

/* Begin PBXNativeTarget section */
		DC1CB4952356C53C0034E0F6 /* RxSwiftDemo */ = {
			isa = PBXNativeTarget;
			buildConfigurationList = DC1CB4AA2356C53D0034E0F6 /* Build configuration list for PBXNativeTarget "RxSwiftDemo" */;
			buildPhases = (
				2B7FD4EFE5C35ACA820233D5 /* [CP] Check Pods Manifest.lock */,
				DC1CB4922356C53C0034E0F6 /* Sources */,
				DC1CB4932356C53C0034E0F6 /* Frameworks */,
				DC1CB4942356C53C0034E0F6 /* Resources */,
				24BE201324B4C11CB6F42234 /* [CP] Embed Pods Frameworks */,
			);
			buildRules = (
			);
			dependencies = (
			);
			name = RxSwiftDemo;
			productName = RxSwiftDemo;
			productReference = DC1CB4962356C53C0034E0F6 /* RxSwiftDemo.app */;
			productType = "com.apple.product-type.application";
		};
/* End PBXNativeTarget section */

/* Begin PBXProject section */
		DC1CB48E2356C53C0034E0F6 /* Project object */ = {
			isa = PBXProject;
			attributes = {
				LastSwiftUpdateCheck = 1110;
				LastUpgradeCheck = 1110;
				ORGANIZATIONNAME = Channing;
				TargetAttributes = {
					DC1CB4952356C53C0034E0F6 = {
						CreatedOnToolsVersion = 11.1;
					};
				};
			};
			buildConfigurationList = DC1CB4912356C53C0034E0F6 /* Build configuration list for PBXProject "RxSwiftDemo" */;
			compatibilityVersion = "Xcode 9.3";
			developmentRegion = en;
			hasScannedForEncodings = 0;
			knownRegions = (
				en,
				Base,
			);
			mainGroup = DC1CB48D2356C53C0034E0F6;
			productRefGroup = DC1CB4972356C53C0034E0F6 /* Products */;
			projectDirPath = "";
			projectRoot = "";
			targets = (
				DC1CB4952356C53C0034E0F6 /* RxSwiftDemo */,
			);
		};
/* End PBXProject section */

/* Begin PBXResourcesBuildPhase section */
		DC1CB4942356C53C0034E0F6 /* Resources */ = {
			isa = PBXResourcesBuildPhase;
			buildActionMask = 2147483647;
			files = (
				DC1CB4A62356C53D0034E0F6 /* LaunchScreen.storyboard in Resources */,
				DC0EE9122370194C00FABF29 /* NumbersViewController.xib in Resources */,
				DC1CB4A32356C53D0034E0F6 /* Assets.xcassets in Resources */,
				DC1CB4A12356C53C0034E0F6 /* Main.storyboard in Resources */,
			);
			runOnlyForDeploymentPostprocessing = 0;
		};
/* End PBXResourcesBuildPhase section */

/* Begin PBXShellScriptBuildPhase section */
		24BE201324B4C11CB6F42234 /* [CP] Embed Pods Frameworks */ = {
			isa = PBXShellScriptBuildPhase;
			buildActionMask = 2147483647;
			files = (
			);
			inputFileListPaths = (
				"${PODS_ROOT}/Target Support Files/Pods-RxSwiftDemo/Pods-RxSwiftDemo-frameworks-${CONFIGURATION}-input-files.xcfilelist",
			);
			name = "[CP] Embed Pods Frameworks";
			outputFileListPaths = (
				"${PODS_ROOT}/Target Support Files/Pods-RxSwiftDemo/Pods-RxSwiftDemo-frameworks-${CONFIGURATION}-output-files.xcfilelist",
			);
			runOnlyForDeploymentPostprocessing = 0;
			shellPath = /bin/sh;
			shellScript = "\"${PODS_ROOT}/Target Support Files/Pods-RxSwiftDemo/Pods-RxSwiftDemo-frameworks.sh\"\n";
			showEnvVarsInLog = 0;
		};
		2B7FD4EFE5C35ACA820233D5 /* [CP] Check Pods Manifest.lock */ = {
			isa = PBXShellScriptBuildPhase;
			buildActionMask = 2147483647;
			files = (
			);
			inputFileListPaths = (
			);
			inputPaths = (
				"${PODS_PODFILE_DIR_PATH}/Podfile.lock",
				"${PODS_ROOT}/Manifest.lock",
			);
			name = "[CP] Check Pods Manifest.lock";
			outputFileListPaths = (
			);
			outputPaths = (
				"$(DERIVED_FILE_DIR)/Pods-RxSwiftDemo-checkManifestLockResult.txt",
			);
			runOnlyForDeploymentPostprocessing = 0;
			shellPath = /bin/sh;
			shellScript = "diff \"${PODS_PODFILE_DIR_PATH}/Podfile.lock\" \"${PODS_ROOT}/Manifest.lock\" > /dev/null\nif [ $? != 0 ] ; then\n    # print error to STDERR\n    echo \"error: The sandbox is not in sync with the Podfile.lock. Run 'pod install' or update your CocoaPods installation.\" >&2\n    exit 1\nfi\n# This output is used by Xcode 'outputs' to avoid re-running this script phase.\necho \"SUCCESS\" > \"${SCRIPT_OUTPUT_FILE_0}\"\n";
			showEnvVarsInLog = 0;
		};
/* End PBXShellScriptBuildPhase section */

/* Begin PBXSourcesBuildPhase section */
		DC1CB4922356C53C0034E0F6 /* Sources */ = {
			isa = PBXSourcesBuildPhase;
			buildActionMask = 2147483647;
			files = (
				DC7184E6237C09DB00EE82C1 /* SimpleTableSectionViewController.swift in Sources */,
				DC1CB49E2356C53C0034E0F6 /* ViewController.swift in Sources */,
				DC0EE9112370194C00FABF29 /* NumbersViewController.swift in Sources */,
				DC1CB49A2356C53C0034E0F6 /* AppDelegate.swift in Sources */,
				DC7184E3237BF33E00EE82C1 /* SimpleTableViewController.swift in Sources */,
				DC1CB49C2356C53C0034E0F6 /* SceneDelegate.swift in Sources */,
				DCEA17862356FAD7008A923B /* SimpleValidationViewController.swift in Sources */,
				DC651C96237A9637002E99B7 /* ExampleViewController.swift in Sources */,
				DC718020237BD58800EE82C1 /* ImagePickerViewController.swift in Sources */,
			);
			runOnlyForDeploymentPostprocessing = 0;
		};
/* End PBXSourcesBuildPhase section */

/* Begin PBXVariantGroup section */
		DC1CB49F2356C53C0034E0F6 /* Main.storyboard */ = {
			isa = PBXVariantGroup;
			children = (
				DC1CB4A02356C53C0034E0F6 /* Base */,
			);
			name = Main.storyboard;
			sourceTree = "<group>";
		};
		DC1CB4A42356C53D0034E0F6 /* LaunchScreen.storyboard */ = {
			isa = PBXVariantGroup;
			children = (
				DC1CB4A52356C53D0034E0F6 /* Base */,
			);
			name = LaunchScreen.storyboard;
			sourceTree = "<group>";
		};
/* End PBXVariantGroup section */

/* Begin XCBuildConfiguration section */
		DC1CB4A82356C53D0034E0F6 /* Debug */ = {
			isa = XCBuildConfiguration;
			buildSettings = {
				ALWAYS_SEARCH_USER_PATHS = NO;
				CLANG_ANALYZER_NONNULL = YES;
				CLANG_ANALYZER_NUMBER_OBJECT_CONVERSION = YES_AGGRESSIVE;
				CLANG_CXX_LANGUAGE_STANDARD = "gnu++14";
				CLANG_CXX_LIBRARY = "libc++";
				CLANG_ENABLE_MODULES = YES;
				CLANG_ENABLE_OBJC_ARC = YES;
				CLANG_ENABLE_OBJC_WEAK = YES;
				CLANG_WARN_BLOCK_CAPTURE_AUTORELEASING = YES;
				CLANG_WARN_BOOL_CONVERSION = YES;
				CLANG_WARN_COMMA = YES;
				CLANG_WARN_CONSTANT_CONVERSION = YES;
				CLANG_WARN_DEPRECATED_OBJC_IMPLEMENTATIONS = YES;
				CLANG_WARN_DIRECT_OBJC_ISA_USAGE = YES_ERROR;
				CLANG_WARN_DOCUMENTATION_COMMENTS = YES;
				CLANG_WARN_EMPTY_BODY = YES;
				CLANG_WARN_ENUM_CONVERSION = YES;
				CLANG_WARN_INFINITE_RECURSION = YES;
				CLANG_WARN_INT_CONVERSION = YES;
				CLANG_WARN_NON_LITERAL_NULL_CONVERSION = YES;
				CLANG_WARN_OBJC_IMPLICIT_RETAIN_SELF = YES;
				CLANG_WARN_OBJC_LITERAL_CONVERSION = YES;
				CLANG_WARN_OBJC_ROOT_CLASS = YES_ERROR;
				CLANG_WARN_RANGE_LOOP_ANALYSIS = YES;
				CLANG_WARN_STRICT_PROTOTYPES = YES;
				CLANG_WARN_SUSPICIOUS_MOVE = YES;
				CLANG_WARN_UNGUARDED_AVAILABILITY = YES_AGGRESSIVE;
				CLANG_WARN_UNREACHABLE_CODE = YES;
				CLANG_WARN__DUPLICATE_METHOD_MATCH = YES;
				COPY_PHASE_STRIP = NO;
				DEBUG_INFORMATION_FORMAT = dwarf;
				ENABLE_STRICT_OBJC_MSGSEND = YES;
				ENABLE_TESTABILITY = YES;
				GCC_C_LANGUAGE_STANDARD = gnu11;
				GCC_DYNAMIC_NO_PIC = NO;
				GCC_NO_COMMON_BLOCKS = YES;
				GCC_OPTIMIZATION_LEVEL = 0;
				GCC_PREPROCESSOR_DEFINITIONS = (
					"DEBUG=1",
					"$(inherited)",
				);
				GCC_WARN_64_TO_32_BIT_CONVERSION = YES;
				GCC_WARN_ABOUT_RETURN_TYPE = YES_ERROR;
				GCC_WARN_UNDECLARED_SELECTOR = YES;
				GCC_WARN_UNINITIALIZED_AUTOS = YES_AGGRESSIVE;
				GCC_WARN_UNUSED_FUNCTION = YES;
				GCC_WARN_UNUSED_VARIABLE = YES;
				IPHONEOS_DEPLOYMENT_TARGET = 13.1;
				MTL_ENABLE_DEBUG_INFO = INCLUDE_SOURCE;
				MTL_FAST_MATH = YES;
				ONLY_ACTIVE_ARCH = YES;
				SDKROOT = iphoneos;
				SWIFT_ACTIVE_COMPILATION_CONDITIONS = DEBUG;
				SWIFT_OPTIMIZATION_LEVEL = "-Onone";
			};
			name = Debug;
		};
		DC1CB4A92356C53D0034E0F6 /* Release */ = {
			isa = XCBuildConfiguration;
			buildSettings = {
				ALWAYS_SEARCH_USER_PATHS = NO;
				CLANG_ANALYZER_NONNULL = YES;
				CLANG_ANALYZER_NUMBER_OBJECT_CONVERSION = YES_AGGRESSIVE;
				CLANG_CXX_LANGUAGE_STANDARD = "gnu++14";
				CLANG_CXX_LIBRARY = "libc++";
				CLANG_ENABLE_MODULES = YES;
				CLANG_ENABLE_OBJC_ARC = YES;
				CLANG_ENABLE_OBJC_WEAK = YES;
				CLANG_WARN_BLOCK_CAPTURE_AUTORELEASING = YES;
				CLANG_WARN_BOOL_CONVERSION = YES;
				CLANG_WARN_COMMA = YES;
				CLANG_WARN_CONSTANT_CONVERSION = YES;
				CLANG_WARN_DEPRECATED_OBJC_IMPLEMENTATIONS = YES;
				CLANG_WARN_DIRECT_OBJC_ISA_USAGE = YES_ERROR;
				CLANG_WARN_DOCUMENTATION_COMMENTS = YES;
				CLANG_WARN_EMPTY_BODY = YES;
				CLANG_WARN_ENUM_CONVERSION = YES;
				CLANG_WARN_INFINITE_RECURSION = YES;
				CLANG_WARN_INT_CONVERSION = YES;
				CLANG_WARN_NON_LITERAL_NULL_CONVERSION = YES;
				CLANG_WARN_OBJC_IMPLICIT_RETAIN_SELF = YES;
				CLANG_WARN_OBJC_LITERAL_CONVERSION = YES;
				CLANG_WARN_OBJC_ROOT_CLASS = YES_ERROR;
				CLANG_WARN_RANGE_LOOP_ANALYSIS = YES;
				CLANG_WARN_STRICT_PROTOTYPES = YES;
				CLANG_WARN_SUSPICIOUS_MOVE = YES;
				CLANG_WARN_UNGUARDED_AVAILABILITY = YES_AGGRESSIVE;
				CLANG_WARN_UNREACHABLE_CODE = YES;
				CLANG_WARN__DUPLICATE_METHOD_MATCH = YES;
				COPY_PHASE_STRIP = NO;
				DEBUG_INFORMATION_FORMAT = "dwarf-with-dsym";
				ENABLE_NS_ASSERTIONS = NO;
				ENABLE_STRICT_OBJC_MSGSEND = YES;
				GCC_C_LANGUAGE_STANDARD = gnu11;
				GCC_NO_COMMON_BLOCKS = YES;
				GCC_WARN_64_TO_32_BIT_CONVERSION = YES;
				GCC_WARN_ABOUT_RETURN_TYPE = YES_ERROR;
				GCC_WARN_UNDECLARED_SELECTOR = YES;
				GCC_WARN_UNINITIALIZED_AUTOS = YES_AGGRESSIVE;
				GCC_WARN_UNUSED_FUNCTION = YES;
				GCC_WARN_UNUSED_VARIABLE = YES;
				IPHONEOS_DEPLOYMENT_TARGET = 13.1;
				MTL_ENABLE_DEBUG_INFO = NO;
				MTL_FAST_MATH = YES;
				SDKROOT = iphoneos;
				SWIFT_COMPILATION_MODE = wholemodule;
				SWIFT_OPTIMIZATION_LEVEL = "-O";
				VALIDATE_PRODUCT = YES;
			};
			name = Release;
		};
		DC1CB4AB2356C53D0034E0F6 /* Debug */ = {
			isa = XCBuildConfiguration;
			baseConfigurationReference = E0F1B44B6CF65C8B80A87CE4 /* Pods-RxSwiftDemo.debug.xcconfig */;
			buildSettings = {
				ASSETCATALOG_COMPILER_APPICON_NAME = AppIcon;
				CODE_SIGN_STYLE = Automatic;
				DEVELOPMENT_TEAM = 2JC4HMR369;
				INFOPLIST_FILE = RxSwiftDemo/Info.plist;
				LD_RUNPATH_SEARCH_PATHS = (
					"$(inherited)",
					"@executable_path/Frameworks",
				);
				PRODUCT_BUNDLE_IDENTIFIER = com.channing.RxSwiftDemo;
				PRODUCT_NAME = "$(TARGET_NAME)";
				SWIFT_VERSION = 5.0;
				TARGETED_DEVICE_FAMILY = "1,2";
			};
			name = Debug;
		};
		DC1CB4AC2356C53D0034E0F6 /* Release */ = {
			isa = XCBuildConfiguration;
			baseConfigurationReference = 77F1A95C89CF7965691008D6 /* Pods-RxSwiftDemo.release.xcconfig */;
			buildSettings = {
				ASSETCATALOG_COMPILER_APPICON_NAME = AppIcon;
				CODE_SIGN_STYLE = Automatic;
				DEVELOPMENT_TEAM = 2JC4HMR369;
				INFOPLIST_FILE = RxSwiftDemo/Info.plist;
				LD_RUNPATH_SEARCH_PATHS = (
					"$(inherited)",
					"@executable_path/Frameworks",
				);
				PRODUCT_BUNDLE_IDENTIFIER = com.channing.RxSwiftDemo;
				PRODUCT_NAME = "$(TARGET_NAME)";
				SWIFT_VERSION = 5.0;
				TARGETED_DEVICE_FAMILY = "1,2";
			};
			name = Release;
		};
/* End XCBuildConfiguration section */

/* Begin XCConfigurationList section */
		DC1CB4912356C53C0034E0F6 /* Build configuration list for PBXProject "RxSwiftDemo" */ = {
			isa = XCConfigurationList;
			buildConfigurations = (
				DC1CB4A82356C53D0034E0F6 /* Debug */,
				DC1CB4A92356C53D0034E0F6 /* Release */,
			);
			defaultConfigurationIsVisible = 0;
			defaultConfigurationName = Release;
		};
		DC1CB4AA2356C53D0034E0F6 /* Build configuration list for PBXNativeTarget "RxSwiftDemo" */ = {
			isa = XCConfigurationList;
			buildConfigurations = (
				DC1CB4AB2356C53D0034E0F6 /* Debug */,
				DC1CB4AC2356C53D0034E0F6 /* Release */,
			);
			defaultConfigurationIsVisible = 0;
			defaultConfigurationName = Release;
		};
/* End XCConfigurationList section */
	};
	rootObject = DC1CB48E2356C53C0034E0F6 /* Project object */;
}
